// !$*UTF8*$!
{
	archiveVersion = 1;
	classes = {
	};
	objectVersion = 48;
	objects = {

/* Begin PBXBuildFile section */
		E911248420260D0D003DC9D5 /* AppDelegate.m in Sources */ = {isa = PBXBuildFile; fileRef = E911248320260D0D003DC9D5 /* AppDelegate.m */; };
		E911248720260D0D003DC9D5 /* ViewController.m in Sources */ = {isa = PBXBuildFile; fileRef = E911248620260D0D003DC9D5 /* ViewController.m */; };
		E911248A20260D0D003DC9D5 /* Main.storyboard in Resources */ = {isa = PBXBuildFile; fileRef = E911248820260D0D003DC9D5 /* Main.storyboard */; };
		E911248C20260D0D003DC9D5 /* Assets.xcassets in Resources */ = {isa = PBXBuildFile; fileRef = E911248B20260D0D003DC9D5 /* Assets.xcassets */; };
		E911248F20260D0D003DC9D5 /* LaunchScreen.storyboard in Resources */ = {isa = PBXBuildFile; fileRef = E911248D20260D0D003DC9D5 /* LaunchScreen.storyboard */; };
		E911249220260D0D003DC9D5 /* main.m in Sources */ = {isa = PBXBuildFile; fileRef = E911249120260D0D003DC9D5 /* main.m */; };
/* End PBXBuildFile section */

/* Begin PBXFileReference section */
		E911247F20260D0D003DC9D5 /* KVCAndKVOTest.app */ = {isa = PBXFileReference; explicitFileType = wrapper.application; includeInIndex = 0; path = KVCAndKVOTest.app; sourceTree = BUILT_PRODUCTS_DIR; };
		E911248220260D0D003DC9D5 /* AppDelegate.h */ = {isa = PBXFileReference; lastKnownFileType = sourcecode.c.h; path = AppDelegate.h; sourceTree = "<group>"; };
		E911248320260D0D003DC9D5 /* AppDelegate.m */ = {isa = PBXFileReference; lastKnownFileType = sourcecode.c.objc; path = AppDelegate.m; sourceTree = "<group>"; };
		E911248520260D0D003DC9D5 /* ViewController.h */ = {isa = PBXFileReference; lastKnownFileType = sourcecode.c.h; path = ViewController.h; sourceTree = "<group>"; };
		E911248620260D0D003DC9D5 /* ViewController.m */ = {isa = PBXFileReference; lastKnownFileType = sourcecode.c.objc; path = ViewController.m; sourceTree = "<group>"; };
		E911248920260D0D003DC9D5 /* Base */ = {isa = PBXFileReference; lastKnownFileType = file.storyboard; name = Base; path = Base.lproj/Main.storyboard; sourceTree = "<group>"; };
		E911248B20260D0D003DC9D5 /* Assets.xcassets */ = {isa = PBXFileReference; lastKnownFileType = folder.assetcatalog; path = Assets.xcassets; sourceTree = "<group>"; };
		E911248E20260D0D003DC9D5 /* Base */ = {isa = PBXFileReference; lastKnownFileType = file.storyboard; name = Base; path = Base.lproj/LaunchScreen.storyboard; sourceTree = "<group>"; };
		E911249020260D0D003DC9D5 /* Info.plist */ = {isa = PBXFileReference; lastKnownFileType = text.plist.xml; path = Info.plist; sourceTree = "<group>"; };
		E911249120260D0D003DC9D5 /* main.m */ = {isa = PBXFileReference; lastKnownFileType = sourcecode.c.objc; path = main.m; sourceTree = "<group>"; };
/* End PBXFileReference section */

/* Begin PBXFrameworksBuildPhase section */
		E911247C20260D0D003DC9D5 /* Frameworks */ = {
			isa = PBXFrameworksBuildPhase;
			buildActionMask = 2147483647;
			files = (
			);
			runOnlyForDeploymentPostprocessing = 0;
		};
/* End PBXFrameworksBuildPhase section */

/* Begin PBXGroup section */
		E911247620260D0C003DC9D5 = {
			isa = PBXGroup;
			children = (
				E911248120260D0D003DC9D5 /* KVCAndKVOTest */,
				E911248020260D0D003DC9D5 /* Products */,
			);
			sourceTree = "<group>";
		};
		E911248020260D0D003DC9D5 /* Products */ = {
			isa = PBXGroup;
			children = (
				E911247F20260D0D003DC9D5 /* KVCAndKVOTest.app */,
			);
			name = Products;
			sourceTree = "<group>";
		};
		E911248120260D0D003DC9D5 /* KVCAndKVOTest */ = {
			isa = PBXGroup;
			children = (
				E911248220260D0D003DC9D5 /* AppDelegate.h */,
				E911248320260D0D003DC9D5 /* AppDelegate.m */,
				E911248520260D0D003DC9D5 /* ViewController.h */,
				E911248620260D0D003DC9D5 /* ViewController.m */,
				E911248820260D0D003DC9D5 /* Main.storyboard */,
				E911248B20260D0D003DC9D5 /* Assets.xcassets */,
				E911248D20260D0D003DC9D5 /* LaunchScreen.storyboard */,
				E911249020260D0D003DC9D5 /* Info.plist */,
				E911249120260D0D003DC9D5 /* main.m */,
			);
			path = KVCAndKVOTest;
			sourceTree = "<group>";
		};
/* End PBXGroup section */

/* Begin PBXNativeTarget section */
		E911247E20260D0D003DC9D5 /* KVCAndKVOTest */ = {
			isa = PBXNativeTarget;
			buildConfigurationList = E911249520260D0D003DC9D5 /* Build configuration list for PBXNativeTarget "KVCAndKVOTest" */;
			buildPhases = (
				E911247B20260D0D003DC9D5 /* Sources */,
				E911247C20260D0D003DC9D5 /* Frameworks */,
				E911247D20260D0D003DC9D5 /* Resources */,
			);
			buildRules = (
			);
			dependencies = (
			);
			name = KVCAndKVOTest;
			productName = KVCAndKVOTest;
			productReference = E911247F20260D0D003DC9D5 /* KVCAndKVOTest.app */;
			productType = "com.apple.product-type.application";
		};
/* End PBXNativeTarget section */

/* Begin PBXProject section */
		E911247720260D0C003DC9D5 /* Project object */ = {
			isa = PBXProject;
			attributes = {
				LastUpgradeCheck = 0920;
				ORGANIZATIONNAME = "Pavel Maiboroda";
				TargetAttributes = {
					E911247E20260D0D003DC9D5 = {
						CreatedOnToolsVersion = 9.2;
						ProvisioningStyle = Automatic;
					};
				};
			};
			buildConfigurationList = E911247A20260D0C003DC9D5 /* Build configuration list for PBXProject "KVCAndKVOTest" */;
			compatibilityVersion = "Xcode 8.0";
			developmentRegion = en;
			hasScannedForEncodings = 0;
			knownRegions = (
				en,
				Base,
			);
			mainGroup = E911247620260D0C003DC9D5;
			productRefGroup = E911248020260D0D003DC9D5 /* Products */;
			projectDirPath = "";
			projectRoot = "";
			targets = (
				E911247E20260D0D003DC9D5 /* KVCAndKVOTest */,
			);
		};
/* End PBXProject section */

/* Begin PBXResourcesBuildPhase section */
		E911247D20260D0D003DC9D5 /* Resources */ = {
			isa = PBXResourcesBuildPhase;
			buildActionMask = 2147483647;
			files = (
				E911248F20260D0D003DC9D5 /* LaunchScreen.storyboard in Resources */,
				E911248C20260D0D003DC9D5 /* Assets.xcassets in Resources */,
				E911248A20260D0D003DC9D5 /* Main.storyboard in Resources */,
			);
			runOnlyForDeploymentPostprocessing = 0;
		};
/* End PBXResourcesBuildPhase section */

/* Begin PBXSourcesBuildPhase section */
		E911247B20260D0D003DC9D5 /* Sources */ = {
			isa = PBXSourcesBuildPhase;
			buildActionMask = 2147483647;
			files = (
				E911248720260D0D003DC9D5 /* ViewController.m in Sources */,
				E911249220260D0D003DC9D5 /* main.m in Sources */,
				E911248420260D0D003DC9D5 /* AppDelegate.m in Sources */,
			);
			runOnlyForDeploymentPostprocessing = 0;
		};
/* End PBXSourcesBuildPhase section */

/* Begin PBXVariantGroup section */
		E911248820260D0D003DC9D5 /* Main.storyboard */ = {
			isa = PBXVariantGroup;
			children = (
				E911248920260D0D003DC9D5 /* Base */,
			);
			name = Main.storyboard;
			sourceTree = "<group>";
		};
		E911248D20260D0D003DC9D5 /* LaunchScreen.storyboard */ = {
			isa = PBXVariantGroup;
			children = (
				E911248E20260D0D003DC9D5 /* Base */,
			);
			name = LaunchScreen.storyboard;
			sourceTree = "<group>";
		};
/* End PBXVariantGroup section */

/* Begin XCBuildConfiguration section */
		E911249320260D0D003DC9D5 /* Debug */ = {
			isa = XCBuildConfiguration;
			buildSettings = {
				ALWAYS_SEARCH_USER_PATHS = NO;
				CLANG_ANALYZER_NONNULL = YES;
				CLANG_ANALYZER_NUMBER_OBJECT_CONVERSION = YES_AGGRESSIVE;
				CLANG_CXX_LANGUAGE_STANDARD = "gnu++14";
				CLANG_CXX_LIBRARY = "libc++";
				CLANG_ENABLE_MODULES = YES;
				CLANG_ENABLE_OBJC_ARC = YES;
				CLANG_WARN_BLOCK_CAPTURE_AUTORELEASING = YES;
				CLANG_WARN_BOOL_CONVERSION = YES;
				CLANG_WARN_COMMA = YES;
				CLANG_WARN_CONSTANT_CONVERSION = YES;
				CLANG_WARN_DIRECT_OBJC_ISA_USAGE = YES_ERROR;
				CLANG_WARN_DOCUMENTATION_COMMENTS = YES;
				CLANG_WARN_EMPTY_BODY = YES;
				CLANG_WARN_ENUM_CONVERSION = YES;
				CLANG_WARN_INFINITE_RECURSION = YES;
				CLANG_WARN_INT_CONVERSION = YES;
				CLANG_WARN_NON_LITERAL_NULL_CONVERSION = YES;
				CLANG_WARN_OBJC_LITERAL_CONVERSION = YES;
				CLANG_WARN_OBJC_ROOT_CLASS = YES_ERROR;
				CLANG_WARN_RANGE_LOOP_ANALYSIS = YES;
				CLANG_WARN_STRICT_PROTOTYPES = YES;
				CLANG_WARN_SUSPICIOUS_MOVE = YES;
				CLANG_WARN_UNGUARDED_AVAILABILITY = YES_AGGRESSIVE;
				CLANG_WARN_UNREACHABLE_CODE = YES;
				CLANG_WARN__DUPLICATE_METHOD_MATCH = YES;
				CODE_SIGN_IDENTITY = "iPhone Developer";
				COPY_PHASE_STRIP = NO;
				DEBUG_INFORMATION_FORMAT = dwarf;
				ENABLE_STRICT_OBJC_MSGSEND = YES;
				ENABLE_TESTABILITY = YES;
				GCC_C_LANGUAGE_STANDARD = gnu11;
				GCC_DYNAMIC_NO_PIC = NO;
				GCC_NO_COMMON_BLOCKS = YES;
				GCC_OPTIMIZATION_LEVEL = 0;
				GCC_PREPROCESSOR_DEFINITIONS = (
					"DEBUG=1",
					"$(inherited)",
				);
				GCC_WARN_64_TO_32_BIT_CONVERSION = YES;
				GCC_WARN_ABOUT_RETURN_TYPE = YES_ERROR;
				GCC_WARN_UNDECLARED_SELECTOR = YES;
				GCC_WARN_UNINITIALIZED_AUTOS = YES_AGGRESSIVE;
				GCC_WARN_UNUSED_FUNCTION = YES;
				GCC_WARN_UNUSED_VARIABLE = YES;
				IPHONEOS_DEPLOYMENT_TARGET = 11.2;
				MTL_ENABLE_DEBUG_INFO = YES;
				ONLY_ACTIVE_ARCH = YES;
				SDKROOT = iphoneos;
			};
			name = Debug;
		};
		E911249420260D0D003DC9D5 /* Release */ = {
			isa = XCBuildConfiguration;
			buildSettings = {
				ALWAYS_SEARCH_USER_PATHS = NO;
				CLANG_ANALYZER_NONNULL = YES;
				CLANG_ANALYZER_NUMBER_OBJECT_CONVERSION = YES_AGGRESSIVE;
				CLANG_CXX_LANGUAGE_STANDARD = "gnu++14";
				CLANG_CXX_LIBRARY = "libc++";
				CLANG_ENABLE_MODULES = YES;
				CLANG_ENABLE_OBJC_ARC = YES;
				CLANG_WARN_BLOCK_CAPTURE_AUTORELEASING = YES;
				CLANG_WARN_BOOL_CONVERSION = YES;
				CLANG_WARN_COMMA = YES;
				CLANG_WARN_CONSTANT_CONVERSION = YES;
				CLANG_WARN_DIRECT_OBJC_ISA_USAGE = YES_ERROR;
				CLANG_WARN_DOCUMENTATION_COMMENTS = YES;
				CLANG_WARN_EMPTY_BODY = YES;
				CLANG_WARN_ENUM_CONVERSION = YES;
				CLANG_WARN_INFINITE_RECURSION = YES;
				CLANG_WARN_INT_CONVERSION = YES;
				CLANG_WARN_NON_LITERAL_NULL_CONVERSION = YES;
				CLANG_WARN_OBJC_LITERAL_CONVERSION = YES;
				CLANG_WARN_OBJC_ROOT_CLASS = YES_ERROR;
				CLANG_WARN_RANGE_LOOP_ANALYSIS = YES;
				CLANG_WARN_STRICT_PROTOTYPES = YES;
				CLANG_WARN_SUSPICIOUS_MOVE = YES;
				CLANG_WARN_UNGUARDED_AVAILABILITY = YES_AGGRESSIVE;
				CLANG_WARN_UNREACHABLE_CODE = YES;
				CLANG_WARN__DUPLICATE_METHOD_MATCH = YES;
				CODE_SIGN_IDENTITY = "iPhone Developer";
				COPY_PHASE_STRIP = NO;
				DEBUG_INFORMATION_FORMAT = "dwarf-with-dsym";
				ENABLE_NS_ASSERTIONS = NO;
				ENABLE_STRICT_OBJC_MSGSEND = YES;
				GCC_C_LANGUAGE_STANDARD = gnu11;
				GCC_NO_COMMON_BLOCKS = YES;
				GCC_WARN_64_TO_32_BIT_CONVERSION = YES;
				GCC_WARN_ABOUT_RETURN_TYPE = YES_ERROR;
				GCC_WARN_UNDECLARED_SELECTOR = YES;
				GCC_WARN_UNINITIALIZED_AUTOS = YES_AGGRESSIVE;
				GCC_WARN_UNUSED_FUNCTION = YES;
				GCC_WARN_UNUSED_VARIABLE = YES;
				IPHONEOS_DEPLOYMENT_TARGET = 11.2;
				MTL_ENABLE_DEBUG_INFO = NO;
				SDKROOT = iphoneos;
				VALIDATE_PRODUCT = YES;
			};
			name = Release;
		};
		E911249620260D0D003DC9D5 /* Debug */ = {
			isa = XCBuildConfiguration;
			buildSettings = {
				ASSETCATALOG_COMPILER_APPICON_NAME = AppIcon;
				CODE_SIGN_STYLE = Automatic;
				INFOPLIST_FILE = KVCAndKVOTest/Info.plist;
				LD_RUNPATH_SEARCH_PATHS = "$(inherited) @executable_path/Frameworks";
				PRODUCT_BUNDLE_IDENTIFIER = PM.KVCAndKVOTest;
				PRODUCT_NAME = "$(TARGET_NAME)";
				TARGETED_DEVICE_FAMILY = "1,2";
			};
			name = Debug;
		};
		E911249720260D0D003DC9D5 /* Release */ = {
			isa = XCBuildConfiguration;
			buildSettings = {
				ASSETCATALOG_COMPILER_APPICON_NAME = AppIcon;
				CODE_SIGN_STYLE = Automatic;
				INFOPLIST_FILE = KVCAndKVOTest/Info.plist;
				LD_RUNPATH_SEARCH_PATHS = "$(inherited) @executable_path/Frameworks";
				PRODUCT_BUNDLE_IDENTIFIER = PM.KVCAndKVOTest;
				PRODUCT_NAME = "$(TARGET_NAME)";
				TARGETED_DEVICE_FAMILY = "1,2";
			};
			name = Release;
		};
/* End XCBuildConfiguration section */

/* Begin XCConfigurationList section */
		E911247A20260D0C003DC9D5 /* Build configuration list for PBXProject "KVCAndKVOTest" */ = {
			isa = XCConfigurationList;
			buildConfigurations = (
				E911249320260D0D003DC9D5 /* Debug */,
				E911249420260D0D003DC9D5 /* Release */,
			);
			defaultConfigurationIsVisible = 0;
			defaultConfigurationName = Release;
		};
		E911249520260D0D003DC9D5 /* Build configuration list for PBXNativeTarget "KVCAndKVOTest" */ = {
			isa = XCConfigurationList;
			buildConfigurations = (
				E911249620260D0D003DC9D5 /* Debug */,
				E911249720260D0D003DC9D5 /* Release */,
			);
			defaultConfigurationIsVisible = 0;
			defaultConfigurationName = Release;
		};
/* End XCConfigurationList section */
	};
	rootObject = E911247720260D0C003DC9D5 /* Project object */;
}
